
Microsoft Visual Studio Solution File, Format Version 11.00
# Visual Studio 2010
Project("{FAE04EC0-301F-11D3-BF4B-00C04F79EFBC}") = "MultipleConstructorsAndNestedClasses", "MultipleConstructorsAndNestedClasses\MultipleConstructorsAndNestedClasses.csproj", "{F18B8620-BC30-4553-9653-AE47BD60524E}"
EndProject
Global
	GlobalSection(SolutionConfigurationPlatforms) = preSolution
		Debug|Any CPU = Debug|Any CPU
		Release|Any CPU = Release|Any CPU
	EndGlobalSection
	GlobalSection(ProjectConfigurationPlatforms) = postSolution
		{F18B8620-BC30-4553-9653-AE47BD60524E}.Debug|Any CPU.ActiveCfg = Debug|Any CPU
		{F18B8620-BC30-4553-9653-AE47BD60524E}.Debug|Any CPU.Build.0 = Debug|Any CPU
		{F18B8620-BC30-4553-9653-AE47BD60524E}.Release|Any CPU.ActiveCfg = Release|Any CPU
		{F18B8620-BC30-4553-9653-AE47BD60524E}.Release|Any CPU.Build.0 = Release|Any CPU
	EndGlobalSection
	GlobalSection(SolutionProperties) = preSolution
		HideSolutionNode = FALSE
	EndGlobalSection
EndGlobal
